schema: '2.0'
stages:
  prepare:
    cmd: python dvc_tutorial/prepare.py data/data.xml
    deps:
    - path: data/data.xml
      md5: 22a1a2931c8370d3aeedd7183606fd7f
      size: 14445097
    - path: dvc_tutorial/prepare.py
      md5: f09ea0c15980b43010257ccb9f0055e2
      size: 1576
    params:
      params.yaml:
        prepare.seed: 20170428
        prepare.split: 0.2
    outs:
    - path: data/prepared
      md5: 153aad06d376b6595932470e459ef42a.dir
      size: 8437363
      nfiles: 2
  featurize:
    cmd: python dvc_tutorial/featurization.py data/prepared data/features
    deps:
    - path: data/prepared
      md5: 153aad06d376b6595932470e459ef42a.dir
      size: 8437363
      nfiles: 2
    - path: dvc_tutorial/featurization.py
      md5: 264dc9f1f25bb30c87fa18b1ca4fea9d
      size: 2504
    params:
      params.yaml:
        featurize.max_features: 200
        featurize.ngrams: 2
    outs:
    - path: data/features
      md5: f35d4cc2c552ac959ae602162b8543f3.dir
      size: 2232588
      nfiles: 2
  train:
    cmd: python dvc_tutorial/train.py data/features dvc_artifacts/model.pkl
    deps:
    - path: data/features
      md5: f35d4cc2c552ac959ae602162b8543f3.dir
      size: 2232588
      nfiles: 2
    - path: dvc_tutorial/train.py
      md5: e1c093f6437fa14605a9d630086d5f44
      size: 980
    params:
      params.yaml:
        train.min_split: 0.2
        train.n_est: 75
        train.seed: 20170428
    outs:
    - path: dvc_artifacts/model.pkl
      md5: 88a23ca82723bbc2b25fb7ed65ee01bb
      size: 259731
  evaluate:
    cmd: python dvc_tutorial/evaluate.py dvc_artifacts/model.pkl data/features
    deps:
    - path: data/features
      md5: f35d4cc2c552ac959ae602162b8543f3.dir
      size: 2232588
      nfiles: 2
    - path: dvc_artifacts/model.pkl
      md5: 88a23ca82723bbc2b25fb7ed65ee01bb
      size: 259731
    - path: dvc_tutorial/evaluate.py
      md5: d6f8719bc9f2d5d0351fe58d0128ec54
      size: 2333
    outs:
    - path: evaluation.json
      md5: 13524127db7b20ce7c2e7fcc6bdcbebe
      size: 72
    - path: evaluation/importance.png
      md5: 29485d836ea20d49a27678b9fbac4465
      size: 31392
    - path: evaluation/plots/confusion_matrix.json
      md5: f9a6076c3d15fcb217d7708ae0a2b2ba
      size: 122246
    - path: evaluation/plots/precision_recall.json
      md5: 2e952108e362fb75dc31e7f1b38b5dcf
      size: 147679
    - path: evaluation/plots/roc.json
      md5: 876b544f68c35fd284a463ef84d653dd
      size: 56484
